
Microsoft Visual Studio Solution File, Format Version 12.00
# Visual Studio 15
VisualStudioVersion = 15.0.27703.2000
MinimumVisualStudioVersion = 10.0.40219.1
Project("{FAE04EC0-301F-11D3-BF4B-00C04F79EFBC}") = "IntroToArrays", "IntroToArrays\IntroToArrays.csproj", "{B3DA961F-AFC7-460F-AA64-D2A714143134}"
EndProject
Global
	GlobalSection(SolutionConfigurationPlatforms) = preSolution
		Debug|Any CPU = Debug|Any CPU
		Release|Any CPU = Release|Any CPU
	EndGlobalSection
	GlobalSection(ProjectConfigurationPlatforms) = postSolution
		{B3DA961F-AFC7-460F-AA64-D2A714143134}.Debug|Any CPU.ActiveCfg = Debug|Any CPU
		{B3DA961F-AFC7-460F-AA64-D2A714143134}.Debug|Any CPU.Build.0 = Debug|Any CPU
		{B3DA961F-AFC7-460F-AA64-D2A714143134}.Release|Any CPU.ActiveCfg = Release|Any CPU
		{B3DA961F-AFC7-460F-AA64-D2A714143134}.Release|Any CPU.Build.0 = Release|Any CPU
	EndGlobalSection
	GlobalSection(SolutionProperties) = preSolution
		HideSolutionNode = FALSE
	EndGlobalSection
	GlobalSection(ExtensibilityGlobals) = postSolution
		SolutionGuid = {E8659E23-5E32-49FC-B9C3-54765DE7F4E0}
	EndGlobalSection
EndGlobal
