
Microsoft Visual Studio Solution File, Format Version 12.00
# Visual Studio 15
VisualStudioVersion = 15.0.27703.2035
MinimumVisualStudioVersion = 10.0.40219.1
Project("{FAE04EC0-301F-11D3-BF4B-00C04F79EFBC}") = "50 Random ListBox", "50 Random ListBox\50 Random ListBox.csproj", "{F12F51FE-F1EF-4552-8027-DE6CB895EE97}"
EndProject
Global
	GlobalSection(SolutionConfigurationPlatforms) = preSolution
		Debug|Any CPU = Debug|Any CPU
		Release|Any CPU = Release|Any CPU
	EndGlobalSection
	GlobalSection(ProjectConfigurationPlatforms) = postSolution
		{F12F51FE-F1EF-4552-8027-DE6CB895EE97}.Debug|Any CPU.ActiveCfg = Debug|Any CPU
		{F12F51FE-F1EF-4552-8027-DE6CB895EE97}.Debug|Any CPU.Build.0 = Debug|Any CPU
		{F12F51FE-F1EF-4552-8027-DE6CB895EE97}.Release|Any CPU.ActiveCfg = Release|Any CPU
		{F12F51FE-F1EF-4552-8027-DE6CB895EE97}.Release|Any CPU.Build.0 = Release|Any CPU
	EndGlobalSection
	GlobalSection(SolutionProperties) = preSolution
		HideSolutionNode = FALSE
	EndGlobalSection
	GlobalSection(ExtensibilityGlobals) = postSolution
		SolutionGuid = {0148B93B-6B4B-42A5-84EE-C088D37B4DC1}
	EndGlobalSection
EndGlobal
