
Microsoft Visual Studio Solution File, Format Version 12.00
# Visual Studio 15
VisualStudioVersion = 15.0.28010.2016
MinimumVisualStudioVersion = 10.0.40219.1
Project("{FAE04EC0-301F-11D3-BF4B-00C04F79EFBC}") = "CharacterGeneratorGUI", "CharacterGeneratorGUI\CharacterGeneratorGUI.csproj", "{1A4D429A-AC45-4EE4-9EB3-EE88ECC89C10}"
EndProject
Global
	GlobalSection(SolutionConfigurationPlatforms) = preSolution
		Debug|Any CPU = Debug|Any CPU
		Release|Any CPU = Release|Any CPU
	EndGlobalSection
	GlobalSection(ProjectConfigurationPlatforms) = postSolution
		{1A4D429A-AC45-4EE4-9EB3-EE88ECC89C10}.Debug|Any CPU.ActiveCfg = Debug|Any CPU
		{1A4D429A-AC45-4EE4-9EB3-EE88ECC89C10}.Debug|Any CPU.Build.0 = Debug|Any CPU
		{1A4D429A-AC45-4EE4-9EB3-EE88ECC89C10}.Release|Any CPU.ActiveCfg = Release|Any CPU
		{1A4D429A-AC45-4EE4-9EB3-EE88ECC89C10}.Release|Any CPU.Build.0 = Release|Any CPU
	EndGlobalSection
	GlobalSection(SolutionProperties) = preSolution
		HideSolutionNode = FALSE
	EndGlobalSection
	GlobalSection(ExtensibilityGlobals) = postSolution
		SolutionGuid = {2A174372-9439-4949-9F31-4859619FA2F8}
	EndGlobalSection
EndGlobal
