
Microsoft Visual Studio Solution File, Format Version 12.00
# Visual Studio 15
VisualStudioVersion = 15.0.27703.2035
MinimumVisualStudioVersion = 10.0.40219.1
Project("{FAE04EC0-301F-11D3-BF4B-00C04F79EFBC}") = "72 PassingData", "72 PassingData\72 PassingData.csproj", "{DEEF8559-76C5-4AE5-936B-557D4073D015}"
EndProject
Global
	GlobalSection(SolutionConfigurationPlatforms) = preSolution
		Debug|Any CPU = Debug|Any CPU
		Release|Any CPU = Release|Any CPU
	EndGlobalSection
	GlobalSection(ProjectConfigurationPlatforms) = postSolution
		{DEEF8559-76C5-4AE5-936B-557D4073D015}.Debug|Any CPU.ActiveCfg = Debug|Any CPU
		{DEEF8559-76C5-4AE5-936B-557D4073D015}.Debug|Any CPU.Build.0 = Debug|Any CPU
		{DEEF8559-76C5-4AE5-936B-557D4073D015}.Release|Any CPU.ActiveCfg = Release|Any CPU
		{DEEF8559-76C5-4AE5-936B-557D4073D015}.Release|Any CPU.Build.0 = Release|Any CPU
	EndGlobalSection
	GlobalSection(SolutionProperties) = preSolution
		HideSolutionNode = FALSE
	EndGlobalSection
	GlobalSection(ExtensibilityGlobals) = postSolution
		SolutionGuid = {8BA30AAB-8795-4040-9DAA-1D1465724F12}
	EndGlobalSection
EndGlobal
