
Microsoft Visual Studio Solution File, Format Version 12.00
# Visual Studio 15
VisualStudioVersion = 15.0.27703.2000
MinimumVisualStudioVersion = 10.0.40219.1
Project("{FAE04EC0-301F-11D3-BF4B-00C04F79EFBC}") = "FirstProgram", "FirstProgram\FirstProgram.csproj", "{71867C94-FF04-4240-AC45-8DF138ABBBE8}"
EndProject
Global
	GlobalSection(SolutionConfigurationPlatforms) = preSolution
		Debug|Any CPU = Debug|Any CPU
		Release|Any CPU = Release|Any CPU
	EndGlobalSection
	GlobalSection(ProjectConfigurationPlatforms) = postSolution
		{71867C94-FF04-4240-AC45-8DF138ABBBE8}.Debug|Any CPU.ActiveCfg = Debug|Any CPU
		{71867C94-FF04-4240-AC45-8DF138ABBBE8}.Debug|Any CPU.Build.0 = Debug|Any CPU
		{71867C94-FF04-4240-AC45-8DF138ABBBE8}.Release|Any CPU.ActiveCfg = Release|Any CPU
		{71867C94-FF04-4240-AC45-8DF138ABBBE8}.Release|Any CPU.Build.0 = Release|Any CPU
	EndGlobalSection
	GlobalSection(SolutionProperties) = preSolution
		HideSolutionNode = FALSE
	EndGlobalSection
	GlobalSection(ExtensibilityGlobals) = postSolution
		SolutionGuid = {D3D26365-C384-404D-AB05-023933349ED7}
	EndGlobalSection
EndGlobal
