
Microsoft Visual Studio Solution File, Format Version 12.00
# Visual Studio 15
VisualStudioVersion = 15.0.27703.2000
MinimumVisualStudioVersion = 10.0.40219.1
Project("{FAE04EC0-301F-11D3-BF4B-00C04F79EFBC}") = "ReverseNumber", "ReverseNumber\ReverseNumber.csproj", "{F224A029-1287-4ECC-A51E-6C449165AD1C}"
EndProject
Global
	GlobalSection(SolutionConfigurationPlatforms) = preSolution
		Debug|Any CPU = Debug|Any CPU
		Release|Any CPU = Release|Any CPU
	EndGlobalSection
	GlobalSection(ProjectConfigurationPlatforms) = postSolution
		{F224A029-1287-4ECC-A51E-6C449165AD1C}.Debug|Any CPU.ActiveCfg = Debug|Any CPU
		{F224A029-1287-4ECC-A51E-6C449165AD1C}.Debug|Any CPU.Build.0 = Debug|Any CPU
		{F224A029-1287-4ECC-A51E-6C449165AD1C}.Release|Any CPU.ActiveCfg = Release|Any CPU
		{F224A029-1287-4ECC-A51E-6C449165AD1C}.Release|Any CPU.Build.0 = Release|Any CPU
	EndGlobalSection
	GlobalSection(SolutionProperties) = preSolution
		HideSolutionNode = FALSE
	EndGlobalSection
	GlobalSection(ExtensibilityGlobals) = postSolution
		SolutionGuid = {5D5CDA52-DB3F-45D7-8AD1-A4E9D62373A7}
	EndGlobalSection
EndGlobal
